
Microsoft Visual Studio Solution File, Format Version 12.00
# Visual Studio Version 17
VisualStudioVersion = 17.5.33502.453
MinimumVisualStudioVersion = 10.0.40219.1
Project("{FAE04EC0-301F-11D3-BF4B-00C04F79EFBC}") = "Bilgiyarısması", "Bilgiyarısması\Bilgiyarısması.csproj", "{4E47DAAE-1980-433C-97C3-DA40A2D8786E}"
EndProject
Global
	GlobalSection(SolutionConfigurationPlatforms) = preSolution
		Debug|Any CPU = Debug|Any CPU
		Release|Any CPU = Release|Any CPU
	EndGlobalSection
	GlobalSection(ProjectConfigurationPlatforms) = postSolution
		{4E47DAAE-1980-433C-97C3-DA40A2D8786E}.Debug|Any CPU.ActiveCfg = Debug|Any CPU
		{4E47DAAE-1980-433C-97C3-DA40A2D8786E}.Debug|Any CPU.Build.0 = Debug|Any CPU
		{4E47DAAE-1980-433C-97C3-DA40A2D8786E}.Release|Any CPU.ActiveCfg = Release|Any CPU
		{4E47DAAE-1980-433C-97C3-DA40A2D8786E}.Release|Any CPU.Build.0 = Release|Any CPU
	EndGlobalSection
	GlobalSection(SolutionProperties) = preSolution
		HideSolutionNode = FALSE
	EndGlobalSection
	GlobalSection(ExtensibilityGlobals) = postSolution
		SolutionGuid = {E5826020-355B-4271-8481-00FA9A57FBCD}
	EndGlobalSection
EndGlobal
